
Microsoft Visual Studio Solution File, Format Version 12.00
# Visual Studio Version 17
VisualStudioVersion = 17.5.33530.505
MinimumVisualStudioVersion = 10.0.40219.1
Project("{FAE04EC0-301F-11D3-BF4B-00C04F79EFBC}") = "ps-automation-dll", "ps-automation-dll.csproj", "{9329D300-DF5F-4E35-8156-071BC46739B3}"
EndProject
Project("{FAE04EC0-301F-11D3-BF4B-00C04F79EFBC}") = "ps-automation-exe", "ps-automation-exe.csproj", "{2F30F431-0D83-4144-A229-86EBA3E605E8}"
EndProject
Global
	GlobalSection(SolutionConfigurationPlatforms) = preSolution
		Debug|Any CPU = Debug|Any CPU
		Release|Any CPU = Release|Any CPU
	EndGlobalSection
	GlobalSection(ProjectConfigurationPlatforms) = postSolution
		{9329D300-DF5F-4E35-8156-071BC46739B3}.Debug|Any CPU.ActiveCfg = Debug|Any CPU
		{9329D300-DF5F-4E35-8156-071BC46739B3}.Debug|Any CPU.Build.0 = Debug|Any CPU
		{9329D300-DF5F-4E35-8156-071BC46739B3}.Release|Any CPU.ActiveCfg = Release|Any CPU
		{9329D300-DF5F-4E35-8156-071BC46739B3}.Release|Any CPU.Build.0 = Release|Any CPU
		{2F30F431-0D83-4144-A229-86EBA3E605E8}.Debug|Any CPU.ActiveCfg = Debug|Any CPU
		{2F30F431-0D83-4144-A229-86EBA3E605E8}.Debug|Any CPU.Build.0 = Debug|Any CPU
		{2F30F431-0D83-4144-A229-86EBA3E605E8}.Release|Any CPU.ActiveCfg = Release|Any CPU
		{2F30F431-0D83-4144-A229-86EBA3E605E8}.Release|Any CPU.Build.0 = Release|Any CPU
	EndGlobalSection
	GlobalSection(SolutionProperties) = preSolution
		HideSolutionNode = FALSE
	EndGlobalSection
	GlobalSection(ExtensibilityGlobals) = postSolution
		SolutionGuid = {F46AE9DF-A94B-433B-9875-DAFCDC6E2DFC}
	EndGlobalSection
EndGlobal
